
Microsoft Visual Studio Solution File, Format Version 12.00
# Visual Studio Version 16
VisualStudioVersion = 25.0.1700.0
MinimumVisualStudioVersion = 10.0.40219.1
Project("{FAE04EC0-301F-11D3-BF4B-00C04F79EFBC}") = "NA-KD.User.Client", "NA-KD.User.Client\NA-KD.User.Client.csproj", "{D851829A-0EE6-4A25-A032-C010E6FFF6BD}"
EndProject
Global
	GlobalSection(SolutionConfigurationPlatforms) = preSolution
		Debug|Any CPU = Debug|Any CPU
		Release|Any CPU = Release|Any CPU
	EndGlobalSection
	GlobalSection(ProjectConfigurationPlatforms) = postSolution
		{D851829A-0EE6-4A25-A032-C010E6FFF6BD}.Debug|Any CPU.ActiveCfg = Debug|Any CPU
		{D851829A-0EE6-4A25-A032-C010E6FFF6BD}.Debug|Any CPU.Build.0 = Debug|Any CPU
		{D851829A-0EE6-4A25-A032-C010E6FFF6BD}.Release|Any CPU.ActiveCfg = Release|Any CPU
		{D851829A-0EE6-4A25-A032-C010E6FFF6BD}.Release|Any CPU.Build.0 = Release|Any CPU
	EndGlobalSection
	GlobalSection(SolutionProperties) = preSolution
		HideSolutionNode = FALSE
	EndGlobalSection
	GlobalSection(ExtensibilityGlobals) = postSolution
		SolutionGuid = {68B908D8-8C39-469F-A707-BFD20A825BDD}
	EndGlobalSection
EndGlobal
